
Microsoft Visual Studio Solution File, Format Version 12.00
# Visual Studio Version 16
VisualStudioVersion = 16.0.30011.22
MinimumVisualStudioVersion = 10.0.40219.1
Project("{FAE04EC0-301F-11D3-BF4B-00C04F79EFBC}") = "YandexMarketTests", "YandexMarketTests\YandexMarketTests.csproj", "{94C8E75A-6127-4D38-BECF-6A29F3BC57D6}"
EndProject
Global
	GlobalSection(SolutionConfigurationPlatforms) = preSolution
		Debug|Any CPU = Debug|Any CPU
		Release|Any CPU = Release|Any CPU
	EndGlobalSection
	GlobalSection(ProjectConfigurationPlatforms) = postSolution
		{94C8E75A-6127-4D38-BECF-6A29F3BC57D6}.Debug|Any CPU.ActiveCfg = Debug|Any CPU
		{94C8E75A-6127-4D38-BECF-6A29F3BC57D6}.Debug|Any CPU.Build.0 = Debug|Any CPU
		{94C8E75A-6127-4D38-BECF-6A29F3BC57D6}.Release|Any CPU.ActiveCfg = Release|Any CPU
		{94C8E75A-6127-4D38-BECF-6A29F3BC57D6}.Release|Any CPU.Build.0 = Release|Any CPU
	EndGlobalSection
	GlobalSection(SolutionProperties) = preSolution
		HideSolutionNode = FALSE
	EndGlobalSection
	GlobalSection(ExtensibilityGlobals) = postSolution
		SolutionGuid = {6678ACCB-F863-4DF2-B045-A5F92627A31F}
	EndGlobalSection
EndGlobal
